{
  "name": "VirtualTemple",
  "lockfileVersion": 2,
  "requires": true,
  "packages": {
    "": {
      "dependencies": {
        "lib-jitsi-meet": "^1.0.6"
      }
    },
    "node_modules/lib-jitsi-meet": {
      "version": "1.0.6",
      "resolved": "https://registry.npmjs.org/lib-jitsi-meet/-/lib-jitsi-meet-1.0.6.tgz",
      "integrity": "sha1-q1BuBP6+35ssXj50b5MrgBh3bdU="
    }
  },
  "dependencies": {
    "lib-jitsi-meet": {
      "version": "1.0.6",
      "resolved": "https://registry.npmjs.org/lib-jitsi-meet/-/lib-jitsi-meet-1.0.6.tgz",
      "integrity": "sha1-q1BuBP6+35ssXj50b5MrgBh3bdU="
    }
  }
}
